// !$*UTF8*$!
{
	archiveVersion = 1;
	classes = {
	};
	objectVersion = 55;
	objects = {

/* Begin PBXBuildFile section */
		9682A921287AFB8C00A53482 /* NETFLIXApp.swift in Sources */ = {isa = PBXBuildFile; fileRef = 9682A920287AFB8C00A53482 /* NETFLIXApp.swift */; };
		9682A923287AFB8C00A53482 /* ContentView.swift in Sources */ = {isa = PBXBuildFile; fileRef = 9682A922287AFB8C00A53482 /* ContentView.swift */; };
		9682A925287AFB8D00A53482 /* Assets.xcassets in Resources */ = {isa = PBXBuildFile; fileRef = 9682A924287AFB8D00A53482 /* Assets.xcassets */; };
		9682A928287AFB8D00A53482 /* Preview Assets.xcassets in Resources */ = {isa = PBXBuildFile; fileRef = 9682A927287AFB8D00A53482 /* Preview Assets.xcassets */; };
		9682A92A287AFB8D00A53482 /* Persistence.swift in Sources */ = {isa = PBXBuildFile; fileRef = 9682A929287AFB8D00A53482 /* Persistence.swift */; };
		9682A92D287AFB8D00A53482 /* NETFLIX.xcdatamodeld in Sources */ = {isa = PBXBuildFile; fileRef = 9682A92B287AFB8D00A53482 /* NETFLIX.xcdatamodeld */; };
/* End PBXBuildFile section */

/* Begin PBXFileReference section */
		9682A91D287AFB8C00A53482 /* NETFLIX.app */ = {isa = PBXFileReference; explicitFileType = wrapper.application; includeInIndex = 0; path = NETFLIX.app; sourceTree = BUILT_PRODUCTS_DIR; };
		9682A920287AFB8C00A53482 /* NETFLIXApp.swift */ = {isa = PBXFileReference; lastKnownFileType = sourcecode.swift; path = NETFLIXApp.swift; sourceTree = "<group>"; };
		9682A922287AFB8C00A53482 /* ContentView.swift */ = {isa = PBXFileReference; lastKnownFileType = sourcecode.swift; path = ContentView.swift; sourceTree = "<group>"; };
		9682A924287AFB8D00A53482 /* Assets.xcassets */ = {isa = PBXFileReference; lastKnownFileType = folder.assetcatalog; path = Assets.xcassets; sourceTree = "<group>"; };
		9682A927287AFB8D00A53482 /* Preview Assets.xcassets */ = {isa = PBXFileReference; lastKnownFileType = folder.assetcatalog; path = "Preview Assets.xcassets"; sourceTree = "<group>"; };
		9682A929287AFB8D00A53482 /* Persistence.swift */ = {isa = PBXFileReference; lastKnownFileType = sourcecode.swift; path = Persistence.swift; sourceTree = "<group>"; };
		9682A92C287AFB8D00A53482 /* NETFLIX.xcdatamodel */ = {isa = PBXFileReference; lastKnownFileType = wrapper.xcdatamodel; path = NETFLIX.xcdatamodel; sourceTree = "<group>"; };
/* End PBXFileReference section */

/* Begin PBXFrameworksBuildPhase section */
		9682A91A287AFB8C00A53482 /* Frameworks */ = {
			isa = PBXFrameworksBuildPhase;
			buildActionMask = 2147483647;
			files = (
			);
			runOnlyForDeploymentPostprocessing = 0;
		};
/* End PBXFrameworksBuildPhase section */

/* Begin PBXGroup section */
		9682A914287AFB8C00A53482 = {
			isa = PBXGroup;
			children = (
				9682A91F287AFB8C00A53482 /* NETFLIX */,
				9682A91E287AFB8C00A53482 /* Products */,
			);
			sourceTree = "<group>";
		};
		9682A91E287AFB8C00A53482 /* Products */ = {
			isa = PBXGroup;
			children = (
				9682A91D287AFB8C00A53482 /* NETFLIX.app */,
			);
			name = Products;
			sourceTree = "<group>";
		};
		9682A91F287AFB8C00A53482 /* NETFLIX */ = {
			isa = PBXGroup;
			children = (
				9682A920287AFB8C00A53482 /* NETFLIXApp.swift */,
				9682A922287AFB8C00A53482 /* ContentView.swift */,
				9682A924287AFB8D00A53482 /* Assets.xcassets */,
				9682A929287AFB8D00A53482 /* Persistence.swift */,
				9682A92B287AFB8D00A53482 /* NETFLIX.xcdatamodeld */,
				9682A926287AFB8D00A53482 /* Preview Content */,
			);
			path = NETFLIX;
			sourceTree = "<group>";
		};
		9682A926287AFB8D00A53482 /* Preview Content */ = {
			isa = PBXGroup;
			children = (
				9682A927287AFB8D00A53482 /* Preview Assets.xcassets */,
			);
			path = "Preview Content";
			sourceTree = "<group>";
		};
/* End PBXGroup section */

/* Begin PBXNativeTarget section */
		9682A91C287AFB8C00A53482 /* NETFLIX */ = {
			isa = PBXNativeTarget;
			buildConfigurationList = 9682A930287AFB8D00A53482 /* Build configuration list for PBXNativeTarget "NETFLIX" */;
			buildPhases = (
				9682A919287AFB8C00A53482 /* Sources */,
				9682A91A287AFB8C00A53482 /* Frameworks */,
				9682A91B287AFB8C00A53482 /* Resources */,
			);
			buildRules = (
			);
			dependencies = (
			);
			name = NETFLIX;
			productName = NETFLIX;
			productReference = 9682A91D287AFB8C00A53482 /* NETFLIX.app */;
			productType = "com.apple.product-type.application";
		};
/* End PBXNativeTarget section */

/* Begin PBXProject section */
		9682A915287AFB8C00A53482 /* Project object */ = {
			isa = PBXProject;
			attributes = {
				BuildIndependentTargetsInParallel = 1;
				LastSwiftUpdateCheck = 1300;
				LastUpgradeCheck = 1300;
				TargetAttributes = {
					9682A91C287AFB8C00A53482 = {
						CreatedOnToolsVersion = 13.0;
					};
				};
			};
			buildConfigurationList = 9682A918287AFB8C00A53482 /* Build configuration list for PBXProject "NETFLIX" */;
			compatibilityVersion = "Xcode 13.0";
			developmentRegion = en;
			hasScannedForEncodings = 0;
			knownRegions = (
				en,
				Base,
			);
			mainGroup = 9682A914287AFB8C00A53482;
			productRefGroup = 9682A91E287AFB8C00A53482 /* Products */;
			projectDirPath = "";
			projectRoot = "";
			targets = (
				9682A91C287AFB8C00A53482 /* NETFLIX */,
			);
		};
/* End PBXProject section */

/* Begin PBXResourcesBuildPhase section */
		9682A91B287AFB8C00A53482 /* Resources */ = {
			isa = PBXResourcesBuildPhase;
			buildActionMask = 2147483647;
			files = (
				9682A928287AFB8D00A53482 /* Preview Assets.xcassets in Resources */,
				9682A925287AFB8D00A53482 /* Assets.xcassets in Resources */,
			);
			runOnlyForDeploymentPostprocessing = 0;
		};
/* End PBXResourcesBuildPhase section */

/* Begin PBXSourcesBuildPhase section */
		9682A919287AFB8C00A53482 /* Sources */ = {
			isa = PBXSourcesBuildPhase;
			buildActionMask = 2147483647;
			files = (
				9682A92A287AFB8D00A53482 /* Persistence.swift in Sources */,
				9682A923287AFB8C00A53482 /* ContentView.swift in Sources */,
				9682A92D287AFB8D00A53482 /* NETFLIX.xcdatamodeld in Sources */,
				9682A921287AFB8C00A53482 /* NETFLIXApp.swift in Sources */,
			);
			runOnlyForDeploymentPostprocessing = 0;
		};
/* End PBXSourcesBuildPhase section */

/* Begin XCBuildConfiguration section */
		9682A92E287AFB8D00A53482 /* Debug */ = {
			isa = XCBuildConfiguration;
			buildSettings = {
				ALWAYS_SEARCH_USER_PATHS = NO;
				CLANG_ANALYZER_NONNULL = YES;
				CLANG_ANALYZER_NUMBER_OBJECT_CONVERSION = YES_AGGRESSIVE;
				CLANG_CXX_LANGUAGE_STANDARD = "gnu++17";
				CLANG_CXX_LIBRARY = "libc++";
				CLANG_ENABLE_MODULES = YES;
				CLANG_ENABLE_OBJC_ARC = YES;
				CLANG_ENABLE_OBJC_WEAK = YES;
				CLANG_WARN_BLOCK_CAPTURE_AUTORELEASING = YES;
				CLANG_WARN_BOOL_CONVERSION = YES;
				CLANG_WARN_COMMA = YES;
				CLANG_WARN_CONSTANT_CONVERSION = YES;
				CLANG_WARN_DEPRECATED_OBJC_IMPLEMENTATIONS = YES;
				CLANG_WARN_DIRECT_OBJC_ISA_USAGE = YES_ERROR;
				CLANG_WARN_DOCUMENTATION_COMMENTS = YES;
				CLANG_WARN_EMPTY_BODY = YES;
				CLANG_WARN_ENUM_CONVERSION = YES;
				CLANG_WARN_INFINITE_RECURSION = YES;
				CLANG_WARN_INT_CONVERSION = YES;
				CLANG_WARN_NON_LITERAL_NULL_CONVERSION = YES;
				CLANG_WARN_OBJC_IMPLICIT_RETAIN_SELF = YES;
				CLANG_WARN_OBJC_LITERAL_CONVERSION = YES;
				CLANG_WARN_OBJC_ROOT_CLASS = YES_ERROR;
				CLANG_WARN_QUOTED_INCLUDE_IN_FRAMEWORK_HEADER = YES;
				CLANG_WARN_RANGE_LOOP_ANALYSIS = YES;
				CLANG_WARN_STRICT_PROTOTYPES = YES;
				CLANG_WARN_SUSPICIOUS_MOVE = YES;
				CLANG_WARN_UNGUARDED_AVAILABILITY = YES_AGGRESSIVE;
				CLANG_WARN_UNREACHABLE_CODE = YES;
				CLANG_WARN__DUPLICATE_METHOD_MATCH = YES;
				COPY_PHASE_STRIP = NO;
				DEBUG_INFORMATION_FORMAT = dwarf;
				ENABLE_STRICT_OBJC_MSGSEND = YES;
				ENABLE_TESTABILITY = YES;
				GCC_C_LANGUAGE_STANDARD = gnu11;
				GCC_DYNAMIC_NO_PIC = NO;
				GCC_NO_COMMON_BLOCKS = YES;
				GCC_OPTIMIZATION_LEVEL = 0;
				GCC_PREPROCESSOR_DEFINITIONS = (
					"DEBUG=1",
					"$(inherited)",
				);
				GCC_WARN_64_TO_32_BIT_CONVERSION = YES;
				GCC_WARN_ABOUT_RETURN_TYPE = YES_ERROR;
				GCC_WARN_UNDECLARED_SELECTOR = YES;
				GCC_WARN_UNINITIALIZED_AUTOS = YES_AGGRESSIVE;
				GCC_WARN_UNUSED_FUNCTION = YES;
				GCC_WARN_UNUSED_VARIABLE = YES;
				IPHONEOS_DEPLOYMENT_TARGET = 15.0;
				MTL_ENABLE_DEBUG_INFO = INCLUDE_SOURCE;
				MTL_FAST_MATH = YES;
				ONLY_ACTIVE_ARCH = YES;
				SDKROOT = iphoneos;
				SWIFT_ACTIVE_COMPILATION_CONDITIONS = DEBUG;
				SWIFT_OPTIMIZATION_LEVEL = "-Onone";
			};
			name = Debug;
		};
		9682A92F287AFB8D00A53482 /* Release */ = {
			isa = XCBuildConfiguration;
			buildSettings = {
				ALWAYS_SEARCH_USER_PATHS = NO;
				CLANG_ANALYZER_NONNULL = YES;
				CLANG_ANALYZER_NUMBER_OBJECT_CONVERSION = YES_AGGRESSIVE;
				CLANG_CXX_LANGUAGE_STANDARD = "gnu++17";
				CLANG_CXX_LIBRARY = "libc++";
				CLANG_ENABLE_MODULES = YES;
				CLANG_ENABLE_OBJC_ARC = YES;
				CLANG_ENABLE_OBJC_WEAK = YES;
				CLANG_WARN_BLOCK_CAPTURE_AUTORELEASING = YES;
				CLANG_WARN_BOOL_CONVERSION = YES;
				CLANG_WARN_COMMA = YES;
				CLANG_WARN_CONSTANT_CONVERSION = YES;
				CLANG_WARN_DEPRECATED_OBJC_IMPLEMENTATIONS = YES;
				CLANG_WARN_DIRECT_OBJC_ISA_USAGE = YES_ERROR;
				CLANG_WARN_DOCUMENTATION_COMMENTS = YES;
				CLANG_WARN_EMPTY_BODY = YES;
				CLANG_WARN_ENUM_CONVERSION = YES;
				CLANG_WARN_INFINITE_RECURSION = YES;
				CLANG_WARN_INT_CONVERSION = YES;
				CLANG_WARN_NON_LITERAL_NULL_CONVERSION = YES;
				CLANG_WARN_OBJC_IMPLICIT_RETAIN_SELF = YES;
				CLANG_WARN_OBJC_LITERAL_CONVERSION = YES;
				CLANG_WARN_OBJC_ROOT_CLASS = YES_ERROR;
				CLANG_WARN_QUOTED_INCLUDE_IN_FRAMEWORK_HEADER = YES;
				CLANG_WARN_RANGE_LOOP_ANALYSIS = YES;
				CLANG_WARN_STRICT_PROTOTYPES = YES;
				CLANG_WARN_SUSPICIOUS_MOVE = YES;
				CLANG_WARN_UNGUARDED_AVAILABILITY = YES_AGGRESSIVE;
				CLANG_WARN_UNREACHABLE_CODE = YES;
				CLANG_WARN__DUPLICATE_METHOD_MATCH = YES;
				COPY_PHASE_STRIP = NO;
				DEBUG_INFORMATION_FORMAT = "dwarf-with-dsym";
				ENABLE_NS_ASSERTIONS = NO;
				ENABLE_STRICT_OBJC_MSGSEND = YES;
				GCC_C_LANGUAGE_STANDARD = gnu11;
				GCC_NO_COMMON_BLOCKS = YES;
				GCC_WARN_64_TO_32_BIT_CONVERSION = YES;
				GCC_WARN_ABOUT_RETURN_TYPE = YES_ERROR;
				GCC_WARN_UNDECLARED_SELECTOR = YES;
				GCC_WARN_UNINITIALIZED_AUTOS = YES_AGGRESSIVE;
				GCC_WARN_UNUSED_FUNCTION = YES;
				GCC_WARN_UNUSED_VARIABLE = YES;
				IPHONEOS_DEPLOYMENT_TARGET = 15.0;
				MTL_ENABLE_DEBUG_INFO = NO;
				MTL_FAST_MATH = YES;
				SDKROOT = iphoneos;
				SWIFT_COMPILATION_MODE = wholemodule;
				SWIFT_OPTIMIZATION_LEVEL = "-O";
				VALIDATE_PRODUCT = YES;
			};
			name = Release;
		};
		9682A931287AFB8D00A53482 /* Debug */ = {
			isa = XCBuildConfiguration;
			buildSettings = {
				ASSETCATALOG_COMPILER_APPICON_NAME = AppIcon;
				ASSETCATALOG_COMPILER_GLOBAL_ACCENT_COLOR_NAME = AccentColor;
				CODE_SIGN_STYLE = Automatic;
				CURRENT_PROJECT_VERSION = 1;
				DEVELOPMENT_ASSET_PATHS = "\"NETFLIX/Preview Content\"";
				DEVELOPMENT_TEAM = V6RDHZK595;
				ENABLE_PREVIEWS = YES;
				GENERATE_INFOPLIST_FILE = YES;
				INFOPLIST_KEY_UIApplicationSceneManifest_Generation = YES;
				INFOPLIST_KEY_UIApplicationSupportsIndirectInputEvents = YES;
				INFOPLIST_KEY_UILaunchScreen_Generation = YES;
				INFOPLIST_KEY_UISupportedInterfaceOrientations_iPad = "UIInterfaceOrientationPortrait UIInterfaceOrientationPortraitUpsideDown UIInterfaceOrientationLandscapeLeft UIInterfaceOrientationLandscapeRight";
				INFOPLIST_KEY_UISupportedInterfaceOrientations_iPhone = "UIInterfaceOrientationPortrait UIInterfaceOrientationLandscapeLeft UIInterfaceOrientationLandscapeRight";
				IPHONEOS_DEPLOYMENT_TARGET = 14.0;
				LD_RUNPATH_SEARCH_PATHS = (
					"$(inherited)",
					"@executable_path/Frameworks",
				);
				MARKETING_VERSION = 1.0;
				PRODUCT_BUNDLE_IDENTIFIER = com.kishangupta.meesho.NETFLIX;
				PRODUCT_NAME = "$(TARGET_NAME)";
				SWIFT_EMIT_LOC_STRINGS = YES;
				SWIFT_VERSION = 5.0;
				TARGETED_DEVICE_FAMILY = "1,2";
			};
			name = Debug;
		};
		9682A932287AFB8D00A53482 /* Release */ = {
			isa = XCBuildConfiguration;
			buildSettings = {
				ASSETCATALOG_COMPILER_APPICON_NAME = AppIcon;
				ASSETCATALOG_COMPILER_GLOBAL_ACCENT_COLOR_NAME = AccentColor;
				CODE_SIGN_STYLE = Automatic;
				CURRENT_PROJECT_VERSION = 1;
				DEVELOPMENT_ASSET_PATHS = "\"NETFLIX/Preview Content\"";
				DEVELOPMENT_TEAM = V6RDHZK595;
				ENABLE_PREVIEWS = YES;
				GENERATE_INFOPLIST_FILE = YES;
				INFOPLIST_KEY_UIApplicationSceneManifest_Generation = YES;
				INFOPLIST_KEY_UIApplicationSupportsIndirectInputEvents = YES;
				INFOPLIST_KEY_UILaunchScreen_Generation = YES;
				INFOPLIST_KEY_UISupportedInterfaceOrientations_iPad = "UIInterfaceOrientationPortrait UIInterfaceOrientationPortraitUpsideDown UIInterfaceOrientationLandscapeLeft UIInterfaceOrientationLandscapeRight";
				INFOPLIST_KEY_UISupportedInterfaceOrientations_iPhone = "UIInterfaceOrientationPortrait UIInterfaceOrientationLandscapeLeft UIInterfaceOrientationLandscapeRight";
				IPHONEOS_DEPLOYMENT_TARGET = 14.0;
				LD_RUNPATH_SEARCH_PATHS = (
					"$(inherited)",
					"@executable_path/Frameworks",
				);
				MARKETING_VERSION = 1.0;
				PRODUCT_BUNDLE_IDENTIFIER = com.kishangupta.meesho.NETFLIX;
				PRODUCT_NAME = "$(TARGET_NAME)";
				SWIFT_EMIT_LOC_STRINGS = YES;
				SWIFT_VERSION = 5.0;
				TARGETED_DEVICE_FAMILY = "1,2";
			};
			name = Release;
		};
/* End XCBuildConfiguration section */

/* Begin XCConfigurationList section */
		9682A918287AFB8C00A53482 /* Build configuration list for PBXProject "NETFLIX" */ = {
			isa = XCConfigurationList;
			buildConfigurations = (
				9682A92E287AFB8D00A53482 /* Debug */,
				9682A92F287AFB8D00A53482 /* Release */,
			);
			defaultConfigurationIsVisible = 0;
			defaultConfigurationName = Release;
		};
		9682A930287AFB8D00A53482 /* Build configuration list for PBXNativeTarget "NETFLIX" */ = {
			isa = XCConfigurationList;
			buildConfigurations = (
				9682A931287AFB8D00A53482 /* Debug */,
				9682A932287AFB8D00A53482 /* Release */,
			);
			defaultConfigurationIsVisible = 0;
			defaultConfigurationName = Release;
		};
/* End XCConfigurationList section */

/* Begin XCVersionGroup section */
		9682A92B287AFB8D00A53482 /* NETFLIX.xcdatamodeld */ = {
			isa = XCVersionGroup;
			children = (
				9682A92C287AFB8D00A53482 /* NETFLIX.xcdatamodel */,
			);
			currentVersion = 9682A92C287AFB8D00A53482 /* NETFLIX.xcdatamodel */;
			path = NETFLIX.xcdatamodeld;
			sourceTree = "<group>";
			versionGroupType = wrapper.xcdatamodel;
		};
/* End XCVersionGroup section */
	};
	rootObject = 9682A915287AFB8C00A53482 /* Project object */;
}
